Microsoft Visual Studio Solution File, Format Version 12.00
Project("{F2A71F9B-5D33-465A-A702-920D77279786}") = "FrontEnd", "FrontEnd\FrontEnd.fsproj", "{859ECF4E-750A-47A8-B9FE-B0E6469C5C2D}"
EndProject
Project("{F2A71F9B-5D33-465A-A702-920D77279786}") = "FrontEnd.Tests", "FrontEnd.Tests\FrontEnd.Tests.fsproj", "{11B3D551-73F6-4D69-B520-4EF85B91CA04}"
EndProject
Project("{F2A71F9B-5D33-465A-A702-920D77279786}") = "Driver", "Driver\Driver.fsproj", "{CF6E4FE8-EFB2-4A94-86E7-813CEE4CC817}"
EndProject
Project("{F2A71F9B-5D33-465A-A702-920D77279786}") = "Driver.Tests", "Driver.Tests\Driver.Tests.fsproj", "{235890C4-2944-4AD3-83F4-B9F58BE90EEF}"
EndProject
Project("{F2A71F9B-5D33-465A-A702-920D77279786}") = "Analysis", "Analysis\Analysis.fsproj", "{C1506DA1-A6F6-4173-9FF5-36984724C241}"
EndProject
Project("{F2A71F9B-5D33-465A-A702-920D77279786}") = "Analysis.Tests", "Analysis.Tests\Analysis.Tests.fsproj", "{AC16D78E-8056-4DF6-9888-DDD47265DCC4}"
EndProject
Global
	GlobalSection(SolutionConfigurationPlatforms) = preSolution
		Debug|Any CPU = Debug|Any CPU
		Release|Any CPU = Release|Any CPU
	EndGlobalSection
	GlobalSection(ProjectConfigurationPlatforms) = postSolution
		{859ECF4E-750A-47A8-B9FE-B0E6469C5C2D}.Debug|Any CPU.ActiveCfg = Debug|Any CPU
		{859ECF4E-750A-47A8-B9FE-B0E6469C5C2D}.Debug|Any CPU.Build.0 = Debug|Any CPU
		{859ECF4E-750A-47A8-B9FE-B0E6469C5C2D}.Release|Any CPU.ActiveCfg = Release|Any CPU
		{859ECF4E-750A-47A8-B9FE-B0E6469C5C2D}.Release|Any CPU.Build.0 = Release|Any CPU
		{11B3D551-73F6-4D69-B520-4EF85B91CA04}.Debug|Any CPU.ActiveCfg = Debug|Any CPU
		{11B3D551-73F6-4D69-B520-4EF85B91CA04}.Debug|Any CPU.Build.0 = Debug|Any CPU
		{11B3D551-73F6-4D69-B520-4EF85B91CA04}.Release|Any CPU.ActiveCfg = Release|Any CPU
		{11B3D551-73F6-4D69-B520-4EF85B91CA04}.Release|Any CPU.Build.0 = Release|Any CPU
		{CF6E4FE8-EFB2-4A94-86E7-813CEE4CC817}.Debug|Any CPU.ActiveCfg = Debug|Any CPU
		{CF6E4FE8-EFB2-4A94-86E7-813CEE4CC817}.Debug|Any CPU.Build.0 = Debug|Any CPU
		{CF6E4FE8-EFB2-4A94-86E7-813CEE4CC817}.Release|Any CPU.ActiveCfg = Release|Any CPU
		{CF6E4FE8-EFB2-4A94-86E7-813CEE4CC817}.Release|Any CPU.Build.0 = Release|Any CPU
		{235890C4-2944-4AD3-83F4-B9F58BE90EEF}.Debug|Any CPU.ActiveCfg = Debug|Any CPU
		{235890C4-2944-4AD3-83F4-B9F58BE90EEF}.Debug|Any CPU.Build.0 = Debug|Any CPU
		{235890C4-2944-4AD3-83F4-B9F58BE90EEF}.Release|Any CPU.ActiveCfg = Release|Any CPU
		{235890C4-2944-4AD3-83F4-B9F58BE90EEF}.Release|Any CPU.Build.0 = Release|Any CPU
		{C1506DA1-A6F6-4173-9FF5-36984724C241}.Debug|Any CPU.ActiveCfg = Debug|Any CPU
		{C1506DA1-A6F6-4173-9FF5-36984724C241}.Debug|Any CPU.Build.0 = Debug|Any CPU
		{C1506DA1-A6F6-4173-9FF5-36984724C241}.Release|Any CPU.ActiveCfg = Release|Any CPU
		{C1506DA1-A6F6-4173-9FF5-36984724C241}.Release|Any CPU.Build.0 = Release|Any CPU
		{AC16D78E-8056-4DF6-9888-DDD47265DCC4}.Debug|Any CPU.ActiveCfg = Debug|Any CPU
		{AC16D78E-8056-4DF6-9888-DDD47265DCC4}.Debug|Any CPU.Build.0 = Debug|Any CPU
		{AC16D78E-8056-4DF6-9888-DDD47265DCC4}.Release|Any CPU.ActiveCfg = Release|Any CPU
		{AC16D78E-8056-4DF6-9888-DDD47265DCC4}.Release|Any CPU.Build.0 = Release|Any CPU
	EndGlobalSection
EndGlobal
